
Microsoft Visual Studio Solution File, Format Version 12.00
# Visual Studio 15
VisualStudioVersion = 15.0.28307.1267
MinimumVisualStudioVersion = 10.0.40219.1
Project("{FAE04EC0-301F-11D3-BF4B-00C04F79EFBC}") = "FirstWebWithWCF", "FirstWebWithWCF\FirstWebWithWCF.csproj", "{78E01260-DD22-4F41-BD98-57F1B3921CFE}"
EndProject
Global
	GlobalSection(SolutionConfigurationPlatforms) = preSolution
		Debug|Any CPU = Debug|Any CPU
		Release|Any CPU = Release|Any CPU
	EndGlobalSection
	GlobalSection(ProjectConfigurationPlatforms) = postSolution
		{78E01260-DD22-4F41-BD98-57F1B3921CFE}.Debug|Any CPU.ActiveCfg = Debug|Any CPU
		{78E01260-DD22-4F41-BD98-57F1B3921CFE}.Debug|Any CPU.Build.0 = Debug|Any CPU
		{78E01260-DD22-4F41-BD98-57F1B3921CFE}.Release|Any CPU.ActiveCfg = Release|Any CPU
		{78E01260-DD22-4F41-BD98-57F1B3921CFE}.Release|Any CPU.Build.0 = Release|Any CPU
	EndGlobalSection
	GlobalSection(SolutionProperties) = preSolution
		HideSolutionNode = FALSE
	EndGlobalSection
	GlobalSection(ExtensibilityGlobals) = postSolution
		SolutionGuid = {6AEBAC62-1CF8-426F-9D60-743F5632AC39}
	EndGlobalSection
EndGlobal
